// !$*UTF8*$!
{
	archiveVersion = 1;
	classes = {
	};
	objectVersion = 50;
	objects = {

/* Begin PBXBuildFile section */
		E00A87222282FA89004B9290 /* 17807572.png in Resources */ = {isa = PBXBuildFile; fileRef = E00A87212282FA89004B9290 /* 17807572.png */; };
		E00A87272283073F004B9290 /* sprite.atlas in Resources */ = {isa = PBXBuildFile; fileRef = E00A87262283073F004B9290 /* sprite.atlas */; };
		E014F6A822849454005F6EDB /* GameModePageViewController.swift in Sources */ = {isa = PBXBuildFile; fileRef = E014F6A722849454005F6EDB /* GameModePageViewController.swift */; };
		E014F6AA2284953A005F6EDB /* ClassicModeViewController.swift in Sources */ = {isa = PBXBuildFile; fileRef = E014F6A92284953A005F6EDB /* ClassicModeViewController.swift */; };
		E014F6AC2284954B005F6EDB /* FloatingModeViewController.swift in Sources */ = {isa = PBXBuildFile; fileRef = E014F6AB2284954B005F6EDB /* FloatingModeViewController.swift */; };
		E042C105225F1580009ED61D /* AppDelegate.swift in Sources */ = {isa = PBXBuildFile; fileRef = E042C104225F1580009ED61D /* AppDelegate.swift */; };
		E042C107225F1580009ED61D /* HomeViewController.swift in Sources */ = {isa = PBXBuildFile; fileRef = E042C106225F1580009ED61D /* HomeViewController.swift */; };
		E042C10A225F1580009ED61D /* Main.storyboard in Resources */ = {isa = PBXBuildFile; fileRef = E042C108225F1580009ED61D /* Main.storyboard */; };
		E042C10D225F1580009ED61D /* Bubble_Pop.xcdatamodeld in Sources */ = {isa = PBXBuildFile; fileRef = E042C10B225F1580009ED61D /* Bubble_Pop.xcdatamodeld */; };
		E042C10F225F1581009ED61D /* Assets.xcassets in Resources */ = {isa = PBXBuildFile; fileRef = E042C10E225F1581009ED61D /* Assets.xcassets */; };
		E042C112225F1581009ED61D /* LaunchScreen.storyboard in Resources */ = {isa = PBXBuildFile; fileRef = E042C110225F1581009ED61D /* LaunchScreen.storyboard */; };
		E054D22C22840E3B001FCECC /* crown.png in Resources */ = {isa = PBXBuildFile; fileRef = E054D22B22840E3B001FCECC /* crown.png */; };
		E05639A32284B30400467AF3 /* UIView+Extension.swift in Sources */ = {isa = PBXBuildFile; fileRef = E05639A22284B30400467AF3 /* UIView+Extension.swift */; };
		E05CBD7B2270196C00638A98 /* BubbleNode.swift in Sources */ = {isa = PBXBuildFile; fileRef = E05CBD7A2270196C00638A98 /* BubbleNode.swift */; };
		E05CBD7D22701E5300638A98 /* GameScene.swift in Sources */ = {isa = PBXBuildFile; fileRef = E05CBD7C22701E5300638A98 /* GameScene.swift */; };
		E05CBD8122701EB000638A98 /* GameViewController.swift in Sources */ = {isa = PBXBuildFile; fileRef = E05CBD8022701EB000638A98 /* GameViewController.swift */; };
		E0657205228172CE00651E15 /* Balonku-Regular.otf in Resources */ = {isa = PBXBuildFile; fileRef = E0657204228172CE00651E15 /* Balonku-Regular.otf */; };
		E06572072281774300651E15 /* Double_Bubble_shadow.otf in Resources */ = {isa = PBXBuildFile; fileRef = E06572062281774300651E15 /* Double_Bubble_shadow.otf */; };
		E065720922817A5600651E15 /* background.png in Resources */ = {isa = PBXBuildFile; fileRef = E065720822817A5600651E15 /* background.png */; };
		E065720B22817B9C00651E15 /* background1.png in Resources */ = {isa = PBXBuildFile; fileRef = E065720A22817B9C00651E15 /* background1.png */; };
		E065720D22817DCF00651E15 /* background2.png in Resources */ = {isa = PBXBuildFile; fileRef = E065720C22817DCF00651E15 /* background2.png */; };
		E065720F228185FC00651E15 /* playbutton.png in Resources */ = {isa = PBXBuildFile; fileRef = E065720E228185FC00651E15 /* playbutton.png */; };
		E0657211228189D300651E15 /* cup.png in Resources */ = {isa = PBXBuildFile; fileRef = E0657210228189D300651E15 /* cup.png */; };
		E065721322818C1800651E15 /* cup_icon.png in Resources */ = {isa = PBXBuildFile; fileRef = E065721222818C1700651E15 /* cup_icon.png */; };
		E06572152281932200651E15 /* settings.png in Resources */ = {isa = PBXBuildFile; fileRef = E06572142281932100651E15 /* settings.png */; };
		E06572172281986A00651E15 /* SettingsViewController.swift in Sources */ = {isa = PBXBuildFile; fileRef = E06572162281986A00651E15 /* SettingsViewController.swift */; };
		E0A734CD22684C47008405D2 /* RankingTableViewController.swift in Sources */ = {isa = PBXBuildFile; fileRef = E0A734CC22684C47008405D2 /* RankingTableViewController.swift */; };
		E0A734D02268574E008405D2 /* Player.swift in Sources */ = {isa = PBXBuildFile; fileRef = E0A734CF2268574E008405D2 /* Player.swift */; };
		E0A81D132272E6D000FD59A0 /* Utilities.swift in Sources */ = {isa = PBXBuildFile; fileRef = E0A81D122272E6D000FD59A0 /* Utilities.swift */; };
		E0A81D152272F27700FD59A0 /* NotificatioCenter.swift in Sources */ = {isa = PBXBuildFile; fileRef = E0A81D142272F27700FD59A0 /* NotificatioCenter.swift */; };
		E0A81D172272FA0D00FD59A0 /* GameOverViewController.swift in Sources */ = {isa = PBXBuildFile; fileRef = E0A81D162272FA0D00FD59A0 /* GameOverViewController.swift */; };
		E0EC07CE227ABF00001F63A4 /* UIViewController+Extension.swift in Sources */ = {isa = PBXBuildFile; fileRef = E0EC07CD227ABF00001F63A4 /* UIViewController+Extension.swift */; };
/* End PBXBuildFile section */

/* Begin PBXFileReference section */
		E00A87212282FA89004B9290 /* 17807572.png */ = {isa = PBXFileReference; lastKnownFileType = image.png; path = 17807572.png; sourceTree = "<group>"; };
		E00A87262283073F004B9290 /* sprite.atlas */ = {isa = PBXFileReference; lastKnownFileType = folder.skatlas; path = sprite.atlas; sourceTree = "<group>"; };
		E014F6A722849454005F6EDB /* GameModePageViewController.swift */ = {isa = PBXFileReference; lastKnownFileType = sourcecode.swift; path = GameModePageViewController.swift; sourceTree = "<group>"; };
		E014F6A92284953A005F6EDB /* ClassicModeViewController.swift */ = {isa = PBXFileReference; lastKnownFileType = sourcecode.swift; path = ClassicModeViewController.swift; sourceTree = "<group>"; };
		E014F6AB2284954B005F6EDB /* FloatingModeViewController.swift */ = {isa = PBXFileReference; lastKnownFileType = sourcecode.swift; path = FloatingModeViewController.swift; sourceTree = "<group>"; };
		E042C101225F1580009ED61D /* Bubble Pop.app */ = {isa = PBXFileReference; explicitFileType = wrapper.application; includeInIndex = 0; path = "Bubble Pop.app"; sourceTree = BUILT_PRODUCTS_DIR; };
		E042C104225F1580009ED61D /* AppDelegate.swift */ = {isa = PBXFileReference; lastKnownFileType = sourcecode.swift; path = AppDelegate.swift; sourceTree = "<group>"; };
		E042C106225F1580009ED61D /* HomeViewController.swift */ = {isa = PBXFileReference; lastKnownFileType = sourcecode.swift; path = HomeViewController.swift; sourceTree = "<group>"; };
		E042C109225F1580009ED61D /* Base */ = {isa = PBXFileReference; lastKnownFileType = file.storyboard; name = Base; path = Base.lproj/Main.storyboard; sourceTree = "<group>"; };
		E042C10C225F1580009ED61D /* Bubble_Pop.xcdatamodel */ = {isa = PBXFileReference; lastKnownFileType = wrapper.xcdatamodel; path = Bubble_Pop.xcdatamodel; sourceTree = "<group>"; };
		E042C10E225F1581009ED61D /* Assets.xcassets */ = {isa = PBXFileReference; lastKnownFileType = folder.assetcatalog; path = Assets.xcassets; sourceTree = "<group>"; };
		E042C111225F1581009ED61D /* Base */ = {isa = PBXFileReference; lastKnownFileType = file.storyboard; name = Base; path = Base.lproj/LaunchScreen.storyboard; sourceTree = "<group>"; };
		E042C113225F1581009ED61D /* Info.plist */ = {isa = PBXFileReference; lastKnownFileType = text.plist.xml; path = Info.plist; sourceTree = "<group>"; };
		E054D22B22840E3B001FCECC /* crown.png */ = {isa = PBXFileReference; lastKnownFileType = image.png; path = crown.png; sourceTree = "<group>"; };
		E05639A22284B30400467AF3 /* UIView+Extension.swift */ = {isa = PBXFileReference; lastKnownFileType = sourcecode.swift; path = "UIView+Extension.swift"; sourceTree = "<group>"; };
		E05CBD7A2270196C00638A98 /* BubbleNode.swift */ = {isa = PBXFileReference; lastKnownFileType = sourcecode.swift; path = BubbleNode.swift; sourceTree = "<group>"; };
		E05CBD7C22701E5300638A98 /* GameScene.swift */ = {isa = PBXFileReference; lastKnownFileType = sourcecode.swift; path = GameScene.swift; sourceTree = "<group>"; };
		E05CBD8022701EB000638A98 /* GameViewController.swift */ = {isa = PBXFileReference; lastKnownFileType = sourcecode.swift; path = GameViewController.swift; sourceTree = "<group>"; };
		E0657204228172CE00651E15 /* Balonku-Regular.otf */ = {isa = PBXFileReference; lastKnownFileType = file; path = "Balonku-Regular.otf"; sourceTree = "<group>"; };
		E06572062281774300651E15 /* Double_Bubble_shadow.otf */ = {isa = PBXFileReference; lastKnownFileType = file; path = Double_Bubble_shadow.otf; sourceTree = "<group>"; };
		E065720822817A5600651E15 /* background.png */ = {isa = PBXFileReference; lastKnownFileType = image.png; path = background.png; sourceTree = "<group>"; };
		E065720A22817B9C00651E15 /* background1.png */ = {isa = PBXFileReference; lastKnownFileType = image.png; path = background1.png; sourceTree = "<group>"; };
		E065720C22817DCF00651E15 /* background2.png */ = {isa = PBXFileReference; lastKnownFileType = image.png; path = background2.png; sourceTree = "<group>"; };
		E065720E228185FC00651E15 /* playbutton.png */ = {isa = PBXFileReference; lastKnownFileType = image.png; path = playbutton.png; sourceTree = "<group>"; };
		E0657210228189D300651E15 /* cup.png */ = {isa = PBXFileReference; lastKnownFileType = image.png; path = cup.png; sourceTree = "<group>"; };
		E065721222818C1700651E15 /* cup_icon.png */ = {isa = PBXFileReference; lastKnownFileType = image.png; path = cup_icon.png; sourceTree = "<group>"; };
		E06572142281932100651E15 /* settings.png */ = {isa = PBXFileReference; lastKnownFileType = image.png; path = settings.png; sourceTree = "<group>"; };
		E06572162281986A00651E15 /* SettingsViewController.swift */ = {isa = PBXFileReference; lastKnownFileType = sourcecode.swift; path = SettingsViewController.swift; sourceTree = "<group>"; };
		E0A734CC22684C47008405D2 /* RankingTableViewController.swift */ = {isa = PBXFileReference; lastKnownFileType = sourcecode.swift; path = RankingTableViewController.swift; sourceTree = "<group>"; };
		E0A734CF2268574E008405D2 /* Player.swift */ = {isa = PBXFileReference; lastKnownFileType = sourcecode.swift; path = Player.swift; sourceTree = "<group>"; };
		E0A81D122272E6D000FD59A0 /* Utilities.swift */ = {isa = PBXFileReference; lastKnownFileType = sourcecode.swift; path = Utilities.swift; sourceTree = "<group>"; };
		E0A81D142272F27700FD59A0 /* NotificatioCenter.swift */ = {isa = PBXFileReference; lastKnownFileType = sourcecode.swift; path = NotificatioCenter.swift; sourceTree = "<group>"; };
		E0A81D162272FA0D00FD59A0 /* GameOverViewController.swift */ = {isa = PBXFileReference; lastKnownFileType = sourcecode.swift; path = GameOverViewController.swift; sourceTree = "<group>"; };
		E0EC07CD227ABF00001F63A4 /* UIViewController+Extension.swift */ = {isa = PBXFileReference; fileEncoding = 4; lastKnownFileType = sourcecode.swift; path = "UIViewController+Extension.swift"; sourceTree = "<group>"; };
/* End PBXFileReference section */

/* Begin PBXFrameworksBuildPhase section */
		E042C0FE225F1580009ED61D /* Frameworks */ = {
			isa = PBXFrameworksBuildPhase;
			buildActionMask = 2147483647;
			files = (
			);
			runOnlyForDeploymentPostprocessing = 0;
		};
/* End PBXFrameworksBuildPhase section */

/* Begin PBXGroup section */
		E014F6A62284707F005F6EDB /* Scenes */ = {
			isa = PBXGroup;
			children = (
				E05CBD7C22701E5300638A98 /* GameScene.swift */,
			);
			path = Scenes;
			sourceTree = "<group>";
		};
		E042C0F8225F1580009ED61D = {
			isa = PBXGroup;
			children = (
				E042C103225F1580009ED61D /* Bubble Pop */,
				E042C102225F1580009ED61D /* Products */,
			);
			sourceTree = "<group>";
		};
		E042C102225F1580009ED61D /* Products */ = {
			isa = PBXGroup;
			children = (
				E042C101225F1580009ED61D /* Bubble Pop.app */,
			);
			name = Products;
			sourceTree = "<group>";
		};
		E042C103225F1580009ED61D /* Bubble Pop */ = {
			isa = PBXGroup;
			children = (
				E014F6A62284707F005F6EDB /* Scenes */,
				E06572032281728000651E15 /* Resources */,
				E06572182281987800651E15 /* ViewControllers */,
				E0EC07CC227ABEBF001F63A4 /* Helper */,
				E0A734CE2268573F008405D2 /* Model */,
				E042C104225F1580009ED61D /* AppDelegate.swift */,
				E042C108225F1580009ED61D /* Main.storyboard */,
				E042C10E225F1581009ED61D /* Assets.xcassets */,
				E042C110225F1581009ED61D /* LaunchScreen.storyboard */,
				E042C113225F1581009ED61D /* Info.plist */,
				E042C10B225F1580009ED61D /* Bubble_Pop.xcdatamodeld */,
			);
			path = "Bubble Pop";
			sourceTree = "<group>";
		};
		E06572032281728000651E15 /* Resources */ = {
			isa = PBXGroup;
			children = (
				E054D22B22840E3B001FCECC /* crown.png */,
				E00A87262283073F004B9290 /* sprite.atlas */,
				E00A87212282FA89004B9290 /* 17807572.png */,
				E06572142281932100651E15 /* settings.png */,
				E065721222818C1700651E15 /* cup_icon.png */,
				E0657210228189D300651E15 /* cup.png */,
				E065720E228185FC00651E15 /* playbutton.png */,
				E065720C22817DCF00651E15 /* background2.png */,
				E065720A22817B9C00651E15 /* background1.png */,
				E065720822817A5600651E15 /* background.png */,
				E06572062281774300651E15 /* Double_Bubble_shadow.otf */,
				E0657204228172CE00651E15 /* Balonku-Regular.otf */,
			);
			path = Resources;
			sourceTree = "<group>";
		};
		E06572182281987800651E15 /* ViewControllers */ = {
			isa = PBXGroup;
			children = (
				E042C106225F1580009ED61D /* HomeViewController.swift */,
				E05CBD8022701EB000638A98 /* GameViewController.swift */,
				E0A81D162272FA0D00FD59A0 /* GameOverViewController.swift */,
				E0A734CC22684C47008405D2 /* RankingTableViewController.swift */,
				E06572162281986A00651E15 /* SettingsViewController.swift */,
				E014F6A722849454005F6EDB /* GameModePageViewController.swift */,
				E014F6A92284953A005F6EDB /* ClassicModeViewController.swift */,
				E014F6AB2284954B005F6EDB /* FloatingModeViewController.swift */,
			);
			path = ViewControllers;
			sourceTree = "<group>";
		};
		E0A734CE2268573F008405D2 /* Model */ = {
			isa = PBXGroup;
			children = (
				E0A734CF2268574E008405D2 /* Player.swift */,
				E05CBD7A2270196C00638A98 /* BubbleNode.swift */,
			);
			path = Model;
			sourceTree = "<group>";
		};
		E0EC07CC227ABEBF001F63A4 /* Helper */ = {
			isa = PBXGroup;
			children = (
				E0A81D122272E6D000FD59A0 /* Utilities.swift */,
				E0A81D142272F27700FD59A0 /* NotificatioCenter.swift */,
				E0EC07CD227ABF00001F63A4 /* UIViewController+Extension.swift */,
				E05639A22284B30400467AF3 /* UIView+Extension.swift */,
			);
			path = Helper;
			sourceTree = "<group>";
		};
/* End PBXGroup section */

/* Begin PBXNativeTarget section */
		E042C100225F1580009ED61D /* Bubble Pop */ = {
			isa = PBXNativeTarget;
			buildConfigurationList = E042C116225F1581009ED61D /* Build configuration list for PBXNativeTarget "Bubble Pop" */;
			buildPhases = (
				E042C0FD225F1580009ED61D /* Sources */,
				E042C0FE225F1580009ED61D /* Frameworks */,
				E042C0FF225F1580009ED61D /* Resources */,
			);
			buildRules = (
			);
			dependencies = (
			);
			name = "Bubble Pop";
			productName = "Bubble Pop";
			productReference = E042C101225F1580009ED61D /* Bubble Pop.app */;
			productType = "com.apple.product-type.application";
		};
/* End PBXNativeTarget section */

/* Begin PBXProject section */
		E042C0F9225F1580009ED61D /* Project object */ = {
			isa = PBXProject;
			attributes = {
				LastSwiftUpdateCheck = 1010;
				LastUpgradeCheck = 1010;
				ORGANIZATIONNAME = UTS;
				TargetAttributes = {
					E042C100225F1580009ED61D = {
						CreatedOnToolsVersion = 10.1;
					};
				};
			};
			buildConfigurationList = E042C0FC225F1580009ED61D /* Build configuration list for PBXProject "Bubble Pop" */;
			compatibilityVersion = "Xcode 9.3";
			developmentRegion = en;
			hasScannedForEncodings = 0;
			knownRegions = (
				en,
				Base,
			);
			mainGroup = E042C0F8225F1580009ED61D;
			productRefGroup = E042C102225F1580009ED61D /* Products */;
			projectDirPath = "";
			projectRoot = "";
			targets = (
				E042C100225F1580009ED61D /* Bubble Pop */,
			);
		};
/* End PBXProject section */

/* Begin PBXResourcesBuildPhase section */
		E042C0FF225F1580009ED61D /* Resources */ = {
			isa = PBXResourcesBuildPhase;
			buildActionMask = 2147483647;
			files = (
				E054D22C22840E3B001FCECC /* crown.png in Resources */,
				E06572152281932200651E15 /* settings.png in Resources */,
				E065720F228185FC00651E15 /* playbutton.png in Resources */,
				E065720922817A5600651E15 /* background.png in Resources */,
				E042C112225F1581009ED61D /* LaunchScreen.storyboard in Resources */,
				E0657205228172CE00651E15 /* Balonku-Regular.otf in Resources */,
				E065721322818C1800651E15 /* cup_icon.png in Resources */,
				E00A87272283073F004B9290 /* sprite.atlas in Resources */,
				E0657211228189D300651E15 /* cup.png in Resources */,
				E042C10F225F1581009ED61D /* Assets.xcassets in Resources */,
				E065720D22817DCF00651E15 /* background2.png in Resources */,
				E042C10A225F1580009ED61D /* Main.storyboard in Resources */,
				E065720B22817B9C00651E15 /* background1.png in Resources */,
				E00A87222282FA89004B9290 /* 17807572.png in Resources */,
				E06572072281774300651E15 /* Double_Bubble_shadow.otf in Resources */,
			);
			runOnlyForDeploymentPostprocessing = 0;
		};
/* End PBXResourcesBuildPhase section */

/* Begin PBXSourcesBuildPhase section */
		E042C0FD225F1580009ED61D /* Sources */ = {
			isa = PBXSourcesBuildPhase;
			buildActionMask = 2147483647;
			files = (
				E014F6AA2284953A005F6EDB /* ClassicModeViewController.swift in Sources */,
				E0EC07CE227ABF00001F63A4 /* UIViewController+Extension.swift in Sources */,
				E042C107225F1580009ED61D /* HomeViewController.swift in Sources */,
				E05CBD7B2270196C00638A98 /* BubbleNode.swift in Sources */,
				E0A734D02268574E008405D2 /* Player.swift in Sources */,
				E042C105225F1580009ED61D /* AppDelegate.swift in Sources */,
				E0A734CD22684C47008405D2 /* RankingTableViewController.swift in Sources */,
				E014F6A822849454005F6EDB /* GameModePageViewController.swift in Sources */,
				E05CBD7D22701E5300638A98 /* GameScene.swift in Sources */,
				E0A81D152272F27700FD59A0 /* NotificatioCenter.swift in Sources */,
				E0A81D172272FA0D00FD59A0 /* GameOverViewController.swift in Sources */,
				E042C10D225F1580009ED61D /* Bubble_Pop.xcdatamodeld in Sources */,
				E05639A32284B30400467AF3 /* UIView+Extension.swift in Sources */,
				E06572172281986A00651E15 /* SettingsViewController.swift in Sources */,
				E0A81D132272E6D000FD59A0 /* Utilities.swift in Sources */,
				E05CBD8122701EB000638A98 /* GameViewController.swift in Sources */,
				E014F6AC2284954B005F6EDB /* FloatingModeViewController.swift in Sources */,
			);
			runOnlyForDeploymentPostprocessing = 0;
		};
/* End PBXSourcesBuildPhase section */

/* Begin PBXVariantGroup section */
		E042C108225F1580009ED61D /* Main.storyboard */ = {
			isa = PBXVariantGroup;
			children = (
				E042C109225F1580009ED61D /* Base */,
			);
			name = Main.storyboard;
			sourceTree = "<group>";
		};
		E042C110225F1581009ED61D /* LaunchScreen.storyboard */ = {
			isa = PBXVariantGroup;
			children = (
				E042C111225F1581009ED61D /* Base */,
			);
			name = LaunchScreen.storyboard;
			sourceTree = "<group>";
		};
/* End PBXVariantGroup section */

/* Begin XCBuildConfiguration section */
		E042C114225F1581009ED61D /* Debug */ = {
			isa = XCBuildConfiguration;
			buildSettings = {
				ALWAYS_SEARCH_USER_PATHS = NO;
				CLANG_ANALYZER_NONNULL = YES;
				CLANG_ANALYZER_NUMBER_OBJECT_CONVERSION = YES_AGGRESSIVE;
				CLANG_CXX_LANGUAGE_STANDARD = "gnu++14";
				CLANG_CXX_LIBRARY = "libc++";
				CLANG_ENABLE_MODULES = YES;
				CLANG_ENABLE_OBJC_ARC = YES;
				CLANG_ENABLE_OBJC_WEAK = YES;
				CLANG_WARN_BLOCK_CAPTURE_AUTORELEASING = YES;
				CLANG_WARN_BOOL_CONVERSION = YES;
				CLANG_WARN_COMMA = YES;
				CLANG_WARN_CONSTANT_CONVERSION = YES;
				CLANG_WARN_DEPRECATED_OBJC_IMPLEMENTATIONS = YES;
				CLANG_WARN_DIRECT_OBJC_ISA_USAGE = YES_ERROR;
				CLANG_WARN_DOCUMENTATION_COMMENTS = YES;
				CLANG_WARN_EMPTY_BODY = YES;
				CLANG_WARN_ENUM_CONVERSION = YES;
				CLANG_WARN_INFINITE_RECURSION = YES;
				CLANG_WARN_INT_CONVERSION = YES;
				CLANG_WARN_NON_LITERAL_NULL_CONVERSION = YES;
				CLANG_WARN_OBJC_IMPLICIT_RETAIN_SELF = YES;
				CLANG_WARN_OBJC_LITERAL_CONVERSION = YES;
				CLANG_WARN_OBJC_ROOT_CLASS = YES_ERROR;
				CLANG_WARN_RANGE_LOOP_ANALYSIS = YES;
				CLANG_WARN_STRICT_PROTOTYPES = YES;
				CLANG_WARN_SUSPICIOUS_MOVE = YES;
				CLANG_WARN_UNGUARDED_AVAILABILITY = YES_AGGRESSIVE;
				CLANG_WARN_UNREACHABLE_CODE = YES;
				CLANG_WARN__DUPLICATE_METHOD_MATCH = YES;
				CODE_SIGN_IDENTITY = "iPhone Developer";
				COPY_PHASE_STRIP = NO;
				DEBUG_INFORMATION_FORMAT = dwarf;
				ENABLE_STRICT_OBJC_MSGSEND = YES;
				ENABLE_TESTABILITY = YES;
				GCC_C_LANGUAGE_STANDARD = gnu11;
				GCC_DYNAMIC_NO_PIC = NO;
				GCC_NO_COMMON_BLOCKS = YES;
				GCC_OPTIMIZATION_LEVEL = 0;
				GCC_PREPROCESSOR_DEFINITIONS = (
					"DEBUG=1",
					"$(inherited)",
				);
				GCC_WARN_64_TO_32_BIT_CONVERSION = YES;
				GCC_WARN_ABOUT_RETURN_TYPE = YES_ERROR;
				GCC_WARN_UNDECLARED_SELECTOR = YES;
				GCC_WARN_UNINITIALIZED_AUTOS = YES_AGGRESSIVE;
				GCC_WARN_UNUSED_FUNCTION = YES;
				GCC_WARN_UNUSED_VARIABLE = YES;
				IPHONEOS_DEPLOYMENT_TARGET = 12.1;
				MTL_ENABLE_DEBUG_INFO = INCLUDE_SOURCE;
				MTL_FAST_MATH = YES;
				ONLY_ACTIVE_ARCH = YES;
				SDKROOT = iphoneos;
				SWIFT_ACTIVE_COMPILATION_CONDITIONS = DEBUG;
				SWIFT_OPTIMIZATION_LEVEL = "-Onone";
			};
			name = Debug;
		};
		E042C115225F1581009ED61D /* Release */ = {
			isa = XCBuildConfiguration;
			buildSettings = {
				ALWAYS_SEARCH_USER_PATHS = NO;
				CLANG_ANALYZER_NONNULL = YES;
				CLANG_ANALYZER_NUMBER_OBJECT_CONVERSION = YES_AGGRESSIVE;
				CLANG_CXX_LANGUAGE_STANDARD = "gnu++14";
				CLANG_CXX_LIBRARY = "libc++";
				CLANG_ENABLE_MODULES = YES;
				CLANG_ENABLE_OBJC_ARC = YES;
				CLANG_ENABLE_OBJC_WEAK = YES;
				CLANG_WARN_BLOCK_CAPTURE_AUTORELEASING = YES;
				CLANG_WARN_BOOL_CONVERSION = YES;
				CLANG_WARN_COMMA = YES;
				CLANG_WARN_CONSTANT_CONVERSION = YES;
				CLANG_WARN_DEPRECATED_OBJC_IMPLEMENTATIONS = YES;
				CLANG_WARN_DIRECT_OBJC_ISA_USAGE = YES_ERROR;
				CLANG_WARN_DOCUMENTATION_COMMENTS = YES;
				CLANG_WARN_EMPTY_BODY = YES;
				CLANG_WARN_ENUM_CONVERSION = YES;
				CLANG_WARN_INFINITE_RECURSION = YES;
				CLANG_WARN_INT_CONVERSION = YES;
				CLANG_WARN_NON_LITERAL_NULL_CONVERSION = YES;
				CLANG_WARN_OBJC_IMPLICIT_RETAIN_SELF = YES;
				CLANG_WARN_OBJC_LITERAL_CONVERSION = YES;
				CLANG_WARN_OBJC_ROOT_CLASS = YES_ERROR;
				CLANG_WARN_RANGE_LOOP_ANALYSIS = YES;
				CLANG_WARN_STRICT_PROTOTYPES = YES;
				CLANG_WARN_SUSPICIOUS_MOVE = YES;
				CLANG_WARN_UNGUARDED_AVAILABILITY = YES_AGGRESSIVE;
				CLANG_WARN_UNREACHABLE_CODE = YES;
				CLANG_WARN__DUPLICATE_METHOD_MATCH = YES;
				CODE_SIGN_IDENTITY = "iPhone Developer";
				COPY_PHASE_STRIP = NO;
				DEBUG_INFORMATION_FORMAT = "dwarf-with-dsym";
				ENABLE_NS_ASSERTIONS = NO;
				ENABLE_STRICT_OBJC_MSGSEND = YES;
				GCC_C_LANGUAGE_STANDARD = gnu11;
				GCC_NO_COMMON_BLOCKS = YES;
				GCC_WARN_64_TO_32_BIT_CONVERSION = YES;
				GCC_WARN_ABOUT_RETURN_TYPE = YES_ERROR;
				GCC_WARN_UNDECLARED_SELECTOR = YES;
				GCC_WARN_UNINITIALIZED_AUTOS = YES_AGGRESSIVE;
				GCC_WARN_UNUSED_FUNCTION = YES;
				GCC_WARN_UNUSED_VARIABLE = YES;
				IPHONEOS_DEPLOYMENT_TARGET = 12.1;
				MTL_ENABLE_DEBUG_INFO = NO;
				MTL_FAST_MATH = YES;
				SDKROOT = iphoneos;
				SWIFT_COMPILATION_MODE = wholemodule;
				SWIFT_OPTIMIZATION_LEVEL = "-O";
				VALIDATE_PRODUCT = YES;
			};
			name = Release;
		};
		E042C117225F1581009ED61D /* Debug */ = {
			isa = XCBuildConfiguration;
			buildSettings = {
				ASSETCATALOG_COMPILER_APPICON_NAME = AppIcon;
				CODE_SIGN_STYLE = Automatic;
				DEVELOPMENT_TEAM = L7HQK3549F;
				INFOPLIST_FILE = "Bubble Pop/Info.plist";
				IPHONEOS_DEPLOYMENT_TARGET = 12.1;
				LD_RUNPATH_SEARCH_PATHS = (
					"$(inherited)",
					"@executable_path/Frameworks",
				);
				PRODUCT_BUNDLE_IDENTIFIER = "UTS-Steve.Bubble-Pop";
				PRODUCT_NAME = "$(TARGET_NAME)";
				SWIFT_VERSION = 4.2;
				TARGETED_DEVICE_FAMILY = "1,2";
			};
			name = Debug;
		};
		E042C118225F1581009ED61D /* Release */ = {
			isa = XCBuildConfiguration;
			buildSettings = {
				ASSETCATALOG_COMPILER_APPICON_NAME = AppIcon;
				CODE_SIGN_STYLE = Automatic;
				DEVELOPMENT_TEAM = L7HQK3549F;
				INFOPLIST_FILE = "Bubble Pop/Info.plist";
				IPHONEOS_DEPLOYMENT_TARGET = 12.1;
				LD_RUNPATH_SEARCH_PATHS = (
					"$(inherited)",
					"@executable_path/Frameworks",
				);
				PRODUCT_BUNDLE_IDENTIFIER = "UTS-Steve.Bubble-Pop";
				PRODUCT_NAME = "$(TARGET_NAME)";
				SWIFT_VERSION = 4.2;
				TARGETED_DEVICE_FAMILY = "1,2";
			};
			name = Release;
		};
/* End XCBuildConfiguration section */

/* Begin XCConfigurationList section */
		E042C0FC225F1580009ED61D /* Build configuration list for PBXProject "Bubble Pop" */ = {
			isa = XCConfigurationList;
			buildConfigurations = (
				E042C114225F1581009ED61D /* Debug */,
				E042C115225F1581009ED61D /* Release */,
			);
			defaultConfigurationIsVisible = 0;
			defaultConfigurationName = Release;
		};
		E042C116225F1581009ED61D /* Build configuration list for PBXNativeTarget "Bubble Pop" */ = {
			isa = XCConfigurationList;
			buildConfigurations = (
				E042C117225F1581009ED61D /* Debug */,
				E042C118225F1581009ED61D /* Release */,
			);
			defaultConfigurationIsVisible = 0;
			defaultConfigurationName = Release;
		};
/* End XCConfigurationList section */

/* Begin XCVersionGroup section */
		E042C10B225F1580009ED61D /* Bubble_Pop.xcdatamodeld */ = {
			isa = XCVersionGroup;
			children = (
				E042C10C225F1580009ED61D /* Bubble_Pop.xcdatamodel */,
			);
			currentVersion = E042C10C225F1580009ED61D /* Bubble_Pop.xcdatamodel */;
			path = Bubble_Pop.xcdatamodeld;
			sourceTree = "<group>";
			versionGroupType = wrapper.xcdatamodel;
		};
/* End XCVersionGroup section */
	};
	rootObject = E042C0F9225F1580009ED61D /* Project object */;
}
